
Microsoft Visual Studio Solution File, Format Version 12.00
# Visual Studio Version 17
VisualStudioVersion = 17.3.32819.101
MinimumVisualStudioVersion = 10.0.40219.1
Project("{FAE04EC0-301F-11D3-BF4B-00C04F79EFBC}") = "RingBuffer", "RingBuffer.csproj", "{D50BBD81-B5F3-4298-BE68-33038DFE4DE7}"
EndProject
Global
	GlobalSection(SolutionConfigurationPlatforms) = preSolution
		Debug|Any CPU = Debug|Any CPU
		Release|Any CPU = Release|Any CPU
	EndGlobalSection
	GlobalSection(ProjectConfigurationPlatforms) = postSolution
		{D50BBD81-B5F3-4298-BE68-33038DFE4DE7}.Debug|Any CPU.ActiveCfg = Debug|Any CPU
		{D50BBD81-B5F3-4298-BE68-33038DFE4DE7}.Debug|Any CPU.Build.0 = Debug|Any CPU
		{D50BBD81-B5F3-4298-BE68-33038DFE4DE7}.Release|Any CPU.ActiveCfg = Release|Any CPU
		{D50BBD81-B5F3-4298-BE68-33038DFE4DE7}.Release|Any CPU.Build.0 = Release|Any CPU
	EndGlobalSection
	GlobalSection(SolutionProperties) = preSolution
		HideSolutionNode = FALSE
	EndGlobalSection
	GlobalSection(ExtensibilityGlobals) = postSolution
		SolutionGuid = {0CB793EE-8681-44B8-8015-3167AB3A91D6}
	EndGlobalSection
EndGlobal
